
Microsoft Visual Studio Solution File, Format Version 12.00
# Visual Studio Version 17
VisualStudioVersion = 17.14.37012.4
MinimumVisualStudioVersion = 10.0.40219.1
Project("{FAE04EC0-301F-11D3-BF4B-00C04F79EFBC}") = "proyecto.web", "proyecto.web\proyecto.web.csproj", "{FDFC64DB-FE96-4E63-A8F5-BBB6CC8A63D7}"
EndProject
Project("{FAE04EC0-301F-11D3-BF4B-00C04F79EFBC}") = "proyecto.Application", "proyecto.Application\proyecto.Application.csproj", "{29C0F579-30C5-4FDE-A10C-0F225E71C742}"
EndProject
Project("{FAE04EC0-301F-11D3-BF4B-00C04F79EFBC}") = "proyecto.Infraestructure", "proyecto.Infraestructure\proyecto.Infraestructure.csproj", "{F1C20247-1F7D-4FD3-999F-C7B3FE9F2A77}"
EndProject
Global
	GlobalSection(SolutionConfigurationPlatforms) = preSolution
		Debug|Any CPU = Debug|Any CPU
		Release|Any CPU = Release|Any CPU
	EndGlobalSection
	GlobalSection(ProjectConfigurationPlatforms) = postSolution
		{FDFC64DB-FE96-4E63-A8F5-BBB6CC8A63D7}.Debug|Any CPU.ActiveCfg = Debug|Any CPU
		{FDFC64DB-FE96-4E63-A8F5-BBB6CC8A63D7}.Debug|Any CPU.Build.0 = Debug|Any CPU
		{FDFC64DB-FE96-4E63-A8F5-BBB6CC8A63D7}.Release|Any CPU.ActiveCfg = Release|Any CPU
		{FDFC64DB-FE96-4E63-A8F5-BBB6CC8A63D7}.Release|Any CPU.Build.0 = Release|Any CPU
		{29C0F579-30C5-4FDE-A10C-0F225E71C742}.Debug|Any CPU.ActiveCfg = Debug|Any CPU
		{29C0F579-30C5-4FDE-A10C-0F225E71C742}.Debug|Any CPU.Build.0 = Debug|Any CPU
		{29C0F579-30C5-4FDE-A10C-0F225E71C742}.Release|Any CPU.ActiveCfg = Release|Any CPU
		{29C0F579-30C5-4FDE-A10C-0F225E71C742}.Release|Any CPU.Build.0 = Release|Any CPU
		{F1C20247-1F7D-4FD3-999F-C7B3FE9F2A77}.Debug|Any CPU.ActiveCfg = Debug|Any CPU
		{F1C20247-1F7D-4FD3-999F-C7B3FE9F2A77}.Debug|Any CPU.Build.0 = Debug|Any CPU
		{F1C20247-1F7D-4FD3-999F-C7B3FE9F2A77}.Release|Any CPU.ActiveCfg = Release|Any CPU
		{F1C20247-1F7D-4FD3-999F-C7B3FE9F2A77}.Release|Any CPU.Build.0 = Release|Any CPU
	EndGlobalSection
	GlobalSection(SolutionProperties) = preSolution
		HideSolutionNode = FALSE
	EndGlobalSection
	GlobalSection(ExtensibilityGlobals) = postSolution
		SolutionGuid = {15863E21-621E-4119-BF94-3EFC7C35F75F}
	EndGlobalSection
EndGlobal
